{
  "version": 4,
  "terraform_version": "1.0.3",
  "serial": 3,
  "lineage": "d9c58cb9-a3eb-e23e-b7de-28451983d59b",
  "outputs": {},
  "resources": [
    {
      "mode": "managed",
      "type": "azurerm_resource_group",
      "name": "terraformresource",
      "provider": "provider[\"registry.terraform.io/hashicorp/azurerm\"]",
      "instances": [
        {
          "schema_version": 0,
          "attributes": {
            "id": "/subscriptions/da307e75-4701-4523-b843-d25b6faafa09/resourceGroups/terraform_resource_group",
            "location": "eastus",
            "name": "terraform_resource_group",
            "tags": {
              "Name": "terraform Resource Group",
              "environment": "terraform demo"
            },
            "timeouts": null
          },
          "sensitive_attributes": [],
          "private": "eyJlMmJmYjczMC1lY2FhLTExZTYtOGY4OC0zNDM2M2JjN2M0YzAiOnsiY3JlYXRlIjo1NDAwMDAwMDAwMDAwLCJkZWxldGUiOjU0MDAwMDAwMDAwMDAsInJlYWQiOjMwMDAwMDAwMDAwMCwidXBkYXRlIjo1NDAwMDAwMDAwMDAwfX0="
        }
      ]
    }
  ]
}
